
Microsoft Visual Studio Solution File, Format Version 12.00
# Visual Studio Version 17
VisualStudioVersion = 17.4.33205.214
MinimumVisualStudioVersion = 10.0.40219.1
Project("{8BC9CEB8-8B4A-11D0-8D11-00A0C91BC942}") = "test01", "test01\test01.vcxproj", "{4B3FE62A-F4F2-4AF5-B2EB-E46E878DDCAB}"
EndProject
Project("{8BC9CEB8-8B4A-11D0-8D11-00A0C91BC942}") = "test02", "test02\test02.vcxproj", "{B6E4BED9-6CD0-493E-85B7-8F48F5768697}"
EndProject
Project("{8BC9CEB8-8B4A-11D0-8D11-00A0C91BC942}") = "test03", "test03\test03.vcxproj", "{46D6521C-4408-44F5-9CB9-07732DFBE7F6}"
EndProject
Project("{8BC9CEB8-8B4A-11D0-8D11-00A0C91BC942}") = "test04", "test04\test04.vcxproj", "{AFB90AE8-6B3A-4448-B78C-A817A1239151}"
EndProject
Project("{8BC9CEB8-8B4A-11D0-8D11-00A0C91BC942}") = "test05", "test05\test05.vcxproj", "{BD2DA09F-0EAD-45BA-AF82-83CB83ACC5CF}"
EndProject
Project("{8BC9CEB8-8B4A-11D0-8D11-00A0C91BC942}") = "test06", "test06\test06.vcxproj", "{4D911D76-580C-4C4F-B870-129189AB01E4}"
EndProject
Global
	GlobalSection(SolutionConfigurationPlatforms) = preSolution
		Debug|x64 = Debug|x64
		Debug|x86 = Debug|x86
		Release|x64 = Release|x64
		Release|x86 = Release|x86
	EndGlobalSection
	GlobalSection(ProjectConfigurationPlatforms) = postSolution
		{4B3FE62A-F4F2-4AF5-B2EB-E46E878DDCAB}.Debug|x64.ActiveCfg = Debug|x64
		{4B3FE62A-F4F2-4AF5-B2EB-E46E878DDCAB}.Debug|x64.Build.0 = Debug|x64
		{4B3FE62A-F4F2-4AF5-B2EB-E46E878DDCAB}.Debug|x86.ActiveCfg = Debug|Win32
		{4B3FE62A-F4F2-4AF5-B2EB-E46E878DDCAB}.Debug|x86.Build.0 = Debug|Win32
		{4B3FE62A-F4F2-4AF5-B2EB-E46E878DDCAB}.Release|x64.ActiveCfg = Release|x64
		{4B3FE62A-F4F2-4AF5-B2EB-E46E878DDCAB}.Release|x64.Build.0 = Release|x64
		{4B3FE62A-F4F2-4AF5-B2EB-E46E878DDCAB}.Release|x86.ActiveCfg = Release|Win32
		{4B3FE62A-F4F2-4AF5-B2EB-E46E878DDCAB}.Release|x86.Build.0 = Release|Win32
		{B6E4BED9-6CD0-493E-85B7-8F48F5768697}.Debug|x64.ActiveCfg = Debug|x64
		{B6E4BED9-6CD0-493E-85B7-8F48F5768697}.Debug|x64.Build.0 = Debug|x64
		{B6E4BED9-6CD0-493E-85B7-8F48F5768697}.Debug|x86.ActiveCfg = Debug|Win32
		{B6E4BED9-6CD0-493E-85B7-8F48F5768697}.Debug|x86.Build.0 = Debug|Win32
		{B6E4BED9-6CD0-493E-85B7-8F48F5768697}.Release|x64.ActiveCfg = Release|x64
		{B6E4BED9-6CD0-493E-85B7-8F48F5768697}.Release|x64.Build.0 = Release|x64
		{B6E4BED9-6CD0-493E-85B7-8F48F5768697}.Release|x86.ActiveCfg = Release|Win32
		{B6E4BED9-6CD0-493E-85B7-8F48F5768697}.Release|x86.Build.0 = Release|Win32
		{46D6521C-4408-44F5-9CB9-07732DFBE7F6}.Debug|x64.ActiveCfg = Debug|x64
		{46D6521C-4408-44F5-9CB9-07732DFBE7F6}.Debug|x64.Build.0 = Debug|x64
		{46D6521C-4408-44F5-9CB9-07732DFBE7F6}.Debug|x86.ActiveCfg = Debug|Win32
		{46D6521C-4408-44F5-9CB9-07732DFBE7F6}.Debug|x86.Build.0 = Debug|Win32
		{46D6521C-4408-44F5-9CB9-07732DFBE7F6}.Release|x64.ActiveCfg = Release|x64
		{46D6521C-4408-44F5-9CB9-07732DFBE7F6}.Release|x64.Build.0 = Release|x64
		{46D6521C-4408-44F5-9CB9-07732DFBE7F6}.Release|x86.ActiveCfg = Release|Win32
		{46D6521C-4408-44F5-9CB9-07732DFBE7F6}.Release|x86.Build.0 = Release|Win32
		{AFB90AE8-6B3A-4448-B78C-A817A1239151}.Debug|x64.ActiveCfg = Debug|x64
		{AFB90AE8-6B3A-4448-B78C-A817A1239151}.Debug|x64.Build.0 = Debug|x64
		{AFB90AE8-6B3A-4448-B78C-A817A1239151}.Debug|x86.ActiveCfg = Debug|Win32
		{AFB90AE8-6B3A-4448-B78C-A817A1239151}.Debug|x86.Build.0 = Debug|Win32
		{AFB90AE8-6B3A-4448-B78C-A817A1239151}.Release|x64.ActiveCfg = Release|x64
		{AFB90AE8-6B3A-4448-B78C-A817A1239151}.Release|x64.Build.0 = Release|x64
		{AFB90AE8-6B3A-4448-B78C-A817A1239151}.Release|x86.ActiveCfg = Release|Win32
		{AFB90AE8-6B3A-4448-B78C-A817A1239151}.Release|x86.Build.0 = Release|Win32
		{BD2DA09F-0EAD-45BA-AF82-83CB83ACC5CF}.Debug|x64.ActiveCfg = Debug|x64
		{BD2DA09F-0EAD-45BA-AF82-83CB83ACC5CF}.Debug|x64.Build.0 = Debug|x64
		{BD2DA09F-0EAD-45BA-AF82-83CB83ACC5CF}.Debug|x86.ActiveCfg = Debug|Win32
		{BD2DA09F-0EAD-45BA-AF82-83CB83ACC5CF}.Debug|x86.Build.0 = Debug|Win32
		{BD2DA09F-0EAD-45BA-AF82-83CB83ACC5CF}.Release|x64.ActiveCfg = Release|x64
		{BD2DA09F-0EAD-45BA-AF82-83CB83ACC5CF}.Release|x64.Build.0 = Release|x64
		{BD2DA09F-0EAD-45BA-AF82-83CB83ACC5CF}.Release|x86.ActiveCfg = Release|Win32
		{BD2DA09F-0EAD-45BA-AF82-83CB83ACC5CF}.Release|x86.Build.0 = Release|Win32
		{4D911D76-580C-4C4F-B870-129189AB01E4}.Debug|x64.ActiveCfg = Debug|x64
		{4D911D76-580C-4C4F-B870-129189AB01E4}.Debug|x64.Build.0 = Debug|x64
		{4D911D76-580C-4C4F-B870-129189AB01E4}.Debug|x86.ActiveCfg = Debug|Win32
		{4D911D76-580C-4C4F-B870-129189AB01E4}.Debug|x86.Build.0 = Debug|Win32
		{4D911D76-580C-4C4F-B870-129189AB01E4}.Release|x64.ActiveCfg = Release|x64
		{4D911D76-580C-4C4F-B870-129189AB01E4}.Release|x64.Build.0 = Release|x64
		{4D911D76-580C-4C4F-B870-129189AB01E4}.Release|x86.ActiveCfg = Release|Win32
		{4D911D76-580C-4C4F-B870-129189AB01E4}.Release|x86.Build.0 = Release|Win32
	EndGlobalSection
	GlobalSection(SolutionProperties) = preSolution
		HideSolutionNode = FALSE
	EndGlobalSection
	GlobalSection(ExtensibilityGlobals) = postSolution
		SolutionGuid = {121D15B4-F5A5-434E-A43F-97E392BC7C67}
	EndGlobalSection
EndGlobal
