
Microsoft Visual Studio Solution File, Format Version 12.00
# Visual Studio Version 17
VisualStudioVersion = 17.4.33205.214
MinimumVisualStudioVersion = 10.0.40219.1
Project("{8BC9CEB8-8B4A-11D0-8D11-00A0C91BC942}") = "test_01", "test_01\test_01.vcxproj", "{BF98E1A2-7327-47A4-A282-A9552716903B}"
EndProject
Project("{8BC9CEB8-8B4A-11D0-8D11-00A0C91BC942}") = "test02", "test02\test02.vcxproj", "{D9CCB249-D333-48D2-B2B5-5C470C8BC7EB}"
EndProject
Global
	GlobalSection(SolutionConfigurationPlatforms) = preSolution
		Debug|x64 = Debug|x64
		Debug|x86 = Debug|x86
		Release|x64 = Release|x64
		Release|x86 = Release|x86
	EndGlobalSection
	GlobalSection(ProjectConfigurationPlatforms) = postSolution
		{BF98E1A2-7327-47A4-A282-A9552716903B}.Debug|x64.ActiveCfg = Debug|x64
		{BF98E1A2-7327-47A4-A282-A9552716903B}.Debug|x64.Build.0 = Debug|x64
		{BF98E1A2-7327-47A4-A282-A9552716903B}.Debug|x86.ActiveCfg = Debug|Win32
		{BF98E1A2-7327-47A4-A282-A9552716903B}.Debug|x86.Build.0 = Debug|Win32
		{BF98E1A2-7327-47A4-A282-A9552716903B}.Release|x64.ActiveCfg = Release|x64
		{BF98E1A2-7327-47A4-A282-A9552716903B}.Release|x64.Build.0 = Release|x64
		{BF98E1A2-7327-47A4-A282-A9552716903B}.Release|x86.ActiveCfg = Release|Win32
		{BF98E1A2-7327-47A4-A282-A9552716903B}.Release|x86.Build.0 = Release|Win32
		{D9CCB249-D333-48D2-B2B5-5C470C8BC7EB}.Debug|x64.ActiveCfg = Debug|x64
		{D9CCB249-D333-48D2-B2B5-5C470C8BC7EB}.Debug|x64.Build.0 = Debug|x64
		{D9CCB249-D333-48D2-B2B5-5C470C8BC7EB}.Debug|x86.ActiveCfg = Debug|Win32
		{D9CCB249-D333-48D2-B2B5-5C470C8BC7EB}.Debug|x86.Build.0 = Debug|Win32
		{D9CCB249-D333-48D2-B2B5-5C470C8BC7EB}.Release|x64.ActiveCfg = Release|x64
		{D9CCB249-D333-48D2-B2B5-5C470C8BC7EB}.Release|x64.Build.0 = Release|x64
		{D9CCB249-D333-48D2-B2B5-5C470C8BC7EB}.Release|x86.ActiveCfg = Release|Win32
		{D9CCB249-D333-48D2-B2B5-5C470C8BC7EB}.Release|x86.Build.0 = Release|Win32
	EndGlobalSection
	GlobalSection(SolutionProperties) = preSolution
		HideSolutionNode = FALSE
	EndGlobalSection
	GlobalSection(ExtensibilityGlobals) = postSolution
		SolutionGuid = {D44305B3-E9CF-43B1-B27D-5BE58DDA492A}
	EndGlobalSection
EndGlobal
